[root]
name = "msgpackio"
version = "0.0.1"
dependencies = [
 "argparse 0.2.0 (registry+https://github.com/rust-lang/crates.io-index)",
 "byteorder 0.3.8 (registry+https://github.com/rust-lang/crates.io-index)",
]

[[package]]
name = "argparse"
version = "0.2.0"
source = "registry+https://github.com/rust-lang/crates.io-index"

[[package]]
name = "byteorder"
version = "0.3.8"
source = "registry+https://github.com/rust-lang/crates.io-index"

